// !$*UTF8*$!
{
	archiveVersion = 1;
	classes = {
	};
	objectVersion = 46;
	objects = {

/* Begin PBXBuildFile section */
		70BB43002FA23A07057FA67E /* Pods_RingSharedFramework.framework in Frameworks */ = {isa = PBXBuildFile; fileRef = 072B792B2D916B761DC11D45 /* Pods_RingSharedFramework.framework */; };
		9C08326D1CF74C150005B95C /* TestCommonClass.h in Headers */ = {isa = PBXBuildFile; fileRef = 9C08326B1CF74C150005B95C /* TestCommonClass.h */; };
		9C08326E1CF74C150005B95C /* TestCommonClass.h in Headers */ = {isa = PBXBuildFile; fileRef = 9C08326B1CF74C150005B95C /* TestCommonClass.h */; };
		9C08326F1CF74C150005B95C /* TestCommonClass.m in Sources */ = {isa = PBXBuildFile; fileRef = 9C08326C1CF74C150005B95C /* TestCommonClass.m */; };
		9C0832701CF74C150005B95C /* TestCommonClass.m in Sources */ = {isa = PBXBuildFile; fileRef = 9C08326C1CF74C150005B95C /* TestCommonClass.m */; };
		9C71BEE51CF749CF00720203 /* RingSharedFramework.h in Headers */ = {isa = PBXBuildFile; fileRef = 9C71BEE41CF749CF00720203 /* RingSharedFramework.h */; settings = {ATTRIBUTES = (Public, ); }; };
		9C71BEF41CF749E100720203 /* RingSharedFrameworkMAC.h in Headers */ = {isa = PBXBuildFile; fileRef = 9C71BEF31CF749E100720203 /* RingSharedFrameworkMAC.h */; settings = {ATTRIBUTES = (Public, ); }; };
		B3EF70A92171F92D599987C9 /* Pods_RingSharedFrameworkMAC.framework in Frameworks */ = {isa = PBXBuildFile; fileRef = 0692B4E14B6E965AA26C7841 /* Pods_RingSharedFrameworkMAC.framework */; };
/* End PBXBuildFile section */

/* Begin PBXFileReference section */
		0692B4E14B6E965AA26C7841 /* Pods_RingSharedFrameworkMAC.framework */ = {isa = PBXFileReference; explicitFileType = wrapper.framework; includeInIndex = 0; path = Pods_RingSharedFrameworkMAC.framework; sourceTree = BUILT_PRODUCTS_DIR; };
		072B792B2D916B761DC11D45 /* Pods_RingSharedFramework.framework */ = {isa = PBXFileReference; explicitFileType = wrapper.framework; includeInIndex = 0; path = Pods_RingSharedFramework.framework; sourceTree = BUILT_PRODUCTS_DIR; };
		23496403EB6B8527A5B6D4FD /* Pods-RingSharedFrameworkMAC.release.xcconfig */ = {isa = PBXFileReference; includeInIndex = 1; lastKnownFileType = text.xcconfig; name = "Pods-RingSharedFrameworkMAC.release.xcconfig"; path = "Pods/Target Support Files/Pods-RingSharedFrameworkMAC/Pods-RingSharedFrameworkMAC.release.xcconfig"; sourceTree = "<group>"; };
		4D5357589A906524410D30C9 /* Pods-RingSharedFramework.debug.xcconfig */ = {isa = PBXFileReference; includeInIndex = 1; lastKnownFileType = text.xcconfig; name = "Pods-RingSharedFramework.debug.xcconfig"; path = "Pods/Target Support Files/Pods-RingSharedFramework/Pods-RingSharedFramework.debug.xcconfig"; sourceTree = "<group>"; };
		5A665B43F264DB4902F4B8CE /* Pods-RingSharedFrameworkMAC.debug.xcconfig */ = {isa = PBXFileReference; includeInIndex = 1; lastKnownFileType = text.xcconfig; name = "Pods-RingSharedFrameworkMAC.debug.xcconfig"; path = "Pods/Target Support Files/Pods-RingSharedFrameworkMAC/Pods-RingSharedFrameworkMAC.debug.xcconfig"; sourceTree = "<group>"; };
		9C08326B1CF74C150005B95C /* TestCommonClass.h */ = {isa = PBXFileReference; fileEncoding = 4; lastKnownFileType = sourcecode.c.h; name = TestCommonClass.h; path = "Common-Files/TestCommonClass.h"; sourceTree = "<group>"; };
		9C08326C1CF74C150005B95C /* TestCommonClass.m */ = {isa = PBXFileReference; fileEncoding = 4; lastKnownFileType = sourcecode.c.objc; name = TestCommonClass.m; path = "Common-Files/TestCommonClass.m"; sourceTree = "<group>"; };
		9C71BEE11CF749CF00720203 /* RingSharedFramework.framework */ = {isa = PBXFileReference; explicitFileType = wrapper.framework; includeInIndex = 0; path = RingSharedFramework.framework; sourceTree = BUILT_PRODUCTS_DIR; };
		9C71BEE41CF749CF00720203 /* RingSharedFramework.h */ = {isa = PBXFileReference; lastKnownFileType = sourcecode.c.h; path = RingSharedFramework.h; sourceTree = "<group>"; };
		9C71BEE61CF749CF00720203 /* Info.plist */ = {isa = PBXFileReference; lastKnownFileType = text.plist.xml; path = Info.plist; sourceTree = "<group>"; };
		9C71BEF11CF749E100720203 /* RingSharedFrameworkMAC.framework */ = {isa = PBXFileReference; explicitFileType = wrapper.framework; includeInIndex = 0; path = RingSharedFrameworkMAC.framework; sourceTree = BUILT_PRODUCTS_DIR; };
		9C71BEF31CF749E100720203 /* RingSharedFrameworkMAC.h */ = {isa = PBXFileReference; lastKnownFileType = sourcecode.c.h; path = RingSharedFrameworkMAC.h; sourceTree = "<group>"; };
		9C71BEF51CF749E100720203 /* Info.plist */ = {isa = PBXFileReference; lastKnownFileType = text.plist.xml; path = Info.plist; sourceTree = "<group>"; };
		C49B4C83768C20A720474C71 /* Pods-RingSharedFramework.release.xcconfig */ = {isa = PBXFileReference; includeInIndex = 1; lastKnownFileType = text.xcconfig; name = "Pods-RingSharedFramework.release.xcconfig"; path = "Pods/Target Support Files/Pods-RingSharedFramework/Pods-RingSharedFramework.release.xcconfig"; sourceTree = "<group>"; };
/* End PBXFileReference section */

/* Begin PBXFrameworksBuildPhase section */
		9C71BEDD1CF749CF00720203 /* Frameworks */ = {
			isa = PBXFrameworksBuildPhase;
			buildActionMask = 2147483647;
			files = (
				70BB43002FA23A07057FA67E /* Pods_RingSharedFramework.framework in Frameworks */,
			);
			runOnlyForDeploymentPostprocessing = 0;
		};
		9C71BEED1CF749E100720203 /* Frameworks */ = {
			isa = PBXFrameworksBuildPhase;
			buildActionMask = 2147483647;
			files = (
				B3EF70A92171F92D599987C9 /* Pods_RingSharedFrameworkMAC.framework in Frameworks */,
			);
			runOnlyForDeploymentPostprocessing = 0;
		};
/* End PBXFrameworksBuildPhase section */

/* Begin PBXGroup section */
		171E64A227CBB7153EE12D5F /* Frameworks */ = {
			isa = PBXGroup;
			children = (
				072B792B2D916B761DC11D45 /* Pods_RingSharedFramework.framework */,
				0692B4E14B6E965AA26C7841 /* Pods_RingSharedFrameworkMAC.framework */,
			);
			name = Frameworks;
			sourceTree = "<group>";
		};
		2DFA96A5606CFD76C91BA078 /* Pods */ = {
			isa = PBXGroup;
			children = (
				4D5357589A906524410D30C9 /* Pods-RingSharedFramework.debug.xcconfig */,
				C49B4C83768C20A720474C71 /* Pods-RingSharedFramework.release.xcconfig */,
				5A665B43F264DB4902F4B8CE /* Pods-RingSharedFrameworkMAC.debug.xcconfig */,
				23496403EB6B8527A5B6D4FD /* Pods-RingSharedFrameworkMAC.release.xcconfig */,
			);
			name = Pods;
			sourceTree = "<group>";
		};
		9C71BED71CF749CF00720203 = {
			isa = PBXGroup;
			children = (
				9C71BEF91CF749E800720203 /* Common-Files */,
				9C71BEE31CF749CF00720203 /* RingSharedFramework */,
				9C71BEF21CF749E100720203 /* RingSharedFrameworkMAC */,
				9C71BEE21CF749CF00720203 /* Products */,
				2DFA96A5606CFD76C91BA078 /* Pods */,
				171E64A227CBB7153EE12D5F /* Frameworks */,
			);
			sourceTree = "<group>";
		};
		9C71BEE21CF749CF00720203 /* Products */ = {
			isa = PBXGroup;
			children = (
				9C71BEE11CF749CF00720203 /* RingSharedFramework.framework */,
				9C71BEF11CF749E100720203 /* RingSharedFrameworkMAC.framework */,
			);
			name = Products;
			sourceTree = "<group>";
		};
		9C71BEE31CF749CF00720203 /* RingSharedFramework */ = {
			isa = PBXGroup;
			children = (
				9C71BEE41CF749CF00720203 /* RingSharedFramework.h */,
				9C71BEE61CF749CF00720203 /* Info.plist */,
			);
			path = RingSharedFramework;
			sourceTree = "<group>";
		};
		9C71BEF21CF749E100720203 /* RingSharedFrameworkMAC */ = {
			isa = PBXGroup;
			children = (
				9C71BEF31CF749E100720203 /* RingSharedFrameworkMAC.h */,
				9C71BEF51CF749E100720203 /* Info.plist */,
			);
			path = RingSharedFrameworkMAC;
			sourceTree = "<group>";
		};
		9C71BEF91CF749E800720203 /* Common-Files */ = {
			isa = PBXGroup;
			children = (
				9C08326B1CF74C150005B95C /* TestCommonClass.h */,
				9C08326C1CF74C150005B95C /* TestCommonClass.m */,
			);
			name = "Common-Files";
			sourceTree = "<group>";
		};
/* End PBXGroup section */

/* Begin PBXHeadersBuildPhase section */
		9C71BEDE1CF749CF00720203 /* Headers */ = {
			isa = PBXHeadersBuildPhase;
			buildActionMask = 2147483647;
			files = (
				9C08326D1CF74C150005B95C /* TestCommonClass.h in Headers */,
				9C71BEE51CF749CF00720203 /* RingSharedFramework.h in Headers */,
			);
			runOnlyForDeploymentPostprocessing = 0;
		};
		9C71BEEE1CF749E100720203 /* Headers */ = {
			isa = PBXHeadersBuildPhase;
			buildActionMask = 2147483647;
			files = (
				9C08326E1CF74C150005B95C /* TestCommonClass.h in Headers */,
				9C71BEF41CF749E100720203 /* RingSharedFrameworkMAC.h in Headers */,
			);
			runOnlyForDeploymentPostprocessing = 0;
		};
/* End PBXHeadersBuildPhase section */

/* Begin PBXNativeTarget section */
		9C71BEE01CF749CF00720203 /* RingSharedFramework */ = {
			isa = PBXNativeTarget;
			buildConfigurationList = 9C71BEE91CF749CF00720203 /* Build configuration list for PBXNativeTarget "RingSharedFramework" */;
			buildPhases = (
				51E6DCC4F4CB7C1B70DDB231 /* Check Pods Manifest.lock */,
				9C71BEDC1CF749CF00720203 /* Sources */,
				9C71BEDD1CF749CF00720203 /* Frameworks */,
				9C71BEDE1CF749CF00720203 /* Headers */,
				9C71BEDF1CF749CF00720203 /* Resources */,
				7C7149BCFC710384662B0CC4 /* Copy Pods Resources */,
			);
			buildRules = (
			);
			dependencies = (
			);
			name = RingSharedFramework;
			productName = RingSharedFramework;
			productReference = 9C71BEE11CF749CF00720203 /* RingSharedFramework.framework */;
			productType = "com.apple.product-type.framework";
		};
		9C71BEF01CF749E100720203 /* RingSharedFrameworkMAC */ = {
			isa = PBXNativeTarget;
			buildConfigurationList = 9C71BEF61CF749E100720203 /* Build configuration list for PBXNativeTarget "RingSharedFrameworkMAC" */;
			buildPhases = (
				18DDF345D204AF03D842346E /* Check Pods Manifest.lock */,
				9C71BEEC1CF749E100720203 /* Sources */,
				9C71BEED1CF749E100720203 /* Frameworks */,
				9C71BEEE1CF749E100720203 /* Headers */,
				9C71BEEF1CF749E100720203 /* Resources */,
				CD16A248926EA92CE930A0B3 /* Copy Pods Resources */,
			);
			buildRules = (
			);
			dependencies = (
			);
			name = RingSharedFrameworkMAC;
			productName = RingSharedFrameworkMAC;
			productReference = 9C71BEF11CF749E100720203 /* RingSharedFrameworkMAC.framework */;
			productType = "com.apple.product-type.framework";
		};
/* End PBXNativeTarget section */

/* Begin PBXProject section */
		9C71BED81CF749CF00720203 /* Project object */ = {
			isa = PBXProject;
			attributes = {
				LastUpgradeCheck = 0730;
				ORGANIZATIONNAME = Ring;
				TargetAttributes = {
					9C71BEE01CF749CF00720203 = {
						CreatedOnToolsVersion = 7.3.1;
					};
					9C71BEF01CF749E100720203 = {
						CreatedOnToolsVersion = 7.3.1;
					};
				};
			};
			buildConfigurationList = 9C71BEDB1CF749CF00720203 /* Build configuration list for PBXProject "RingSharedFramework" */;
			compatibilityVersion = "Xcode 3.2";
			developmentRegion = English;
			hasScannedForEncodings = 0;
			knownRegions = (
				en,
			);
			mainGroup = 9C71BED71CF749CF00720203;
			productRefGroup = 9C71BEE21CF749CF00720203 /* Products */;
			projectDirPath = "";
			projectRoot = "";
			targets = (
				9C71BEE01CF749CF00720203 /* RingSharedFramework */,
				9C71BEF01CF749E100720203 /* RingSharedFrameworkMAC */,
			);
		};
/* End PBXProject section */

/* Begin PBXResourcesBuildPhase section */
		9C71BEDF1CF749CF00720203 /* Resources */ = {
			isa = PBXResourcesBuildPhase;
			buildActionMask = 2147483647;
			files = (
			);
			runOnlyForDeploymentPostprocessing = 0;
		};
		9C71BEEF1CF749E100720203 /* Resources */ = {
			isa = PBXResourcesBuildPhase;
			buildActionMask = 2147483647;
			files = (
			);
			runOnlyForDeploymentPostprocessing = 0;
		};
/* End PBXResourcesBuildPhase section */

/* Begin PBXShellScriptBuildPhase section */
		18DDF345D204AF03D842346E /* Check Pods Manifest.lock */ = {
			isa = PBXShellScriptBuildPhase;
			buildActionMask = 2147483647;
			files = (
			);
			inputPaths = (
			);
			name = "Check Pods Manifest.lock";
			outputPaths = (
			);
			runOnlyForDeploymentPostprocessing = 0;
			shellPath = /bin/sh;
			shellScript = "diff \"${PODS_ROOT}/../Podfile.lock\" \"${PODS_ROOT}/Manifest.lock\" > /dev/null\nif [[ $? != 0 ]] ; then\n    cat << EOM\nerror: The sandbox is not in sync with the Podfile.lock. Run 'pod install' or update your CocoaPods installation.\nEOM\n    exit 1\nfi\n";
			showEnvVarsInLog = 0;
		};
		51E6DCC4F4CB7C1B70DDB231 /* Check Pods Manifest.lock */ = {
			isa = PBXShellScriptBuildPhase;
			buildActionMask = 2147483647;
			files = (
			);
			inputPaths = (
			);
			name = "Check Pods Manifest.lock";
			outputPaths = (
			);
			runOnlyForDeploymentPostprocessing = 0;
			shellPath = /bin/sh;
			shellScript = "diff \"${PODS_ROOT}/../Podfile.lock\" \"${PODS_ROOT}/Manifest.lock\" > /dev/null\nif [[ $? != 0 ]] ; then\n    cat << EOM\nerror: The sandbox is not in sync with the Podfile.lock. Run 'pod install' or update your CocoaPods installation.\nEOM\n    exit 1\nfi\n";
			showEnvVarsInLog = 0;
		};
		7C7149BCFC710384662B0CC4 /* Copy Pods Resources */ = {
			isa = PBXShellScriptBuildPhase;
			buildActionMask = 2147483647;
			files = (
			);
			inputPaths = (
			);
			name = "Copy Pods Resources";
			outputPaths = (
			);
			runOnlyForDeploymentPostprocessing = 0;
			shellPath = /bin/sh;
			shellScript = "\"${SRCROOT}/Pods/Target Support Files/Pods-RingSharedFramework/Pods-RingSharedFramework-resources.sh\"\n";
			showEnvVarsInLog = 0;
		};
		CD16A248926EA92CE930A0B3 /* Copy Pods Resources */ = {
			isa = PBXShellScriptBuildPhase;
			buildActionMask = 2147483647;
			files = (
			);
			inputPaths = (
			);
			name = "Copy Pods Resources";
			outputPaths = (
			);
			runOnlyForDeploymentPostprocessing = 0;
			shellPath = /bin/sh;
			shellScript = "\"${SRCROOT}/Pods/Target Support Files/Pods-RingSharedFrameworkMAC/Pods-RingSharedFrameworkMAC-resources.sh\"\n";
			showEnvVarsInLog = 0;
		};
/* End PBXShellScriptBuildPhase section */

/* Begin PBXSourcesBuildPhase section */
		9C71BEDC1CF749CF00720203 /* Sources */ = {
			isa = PBXSourcesBuildPhase;
			buildActionMask = 2147483647;
			files = (
				9C08326F1CF74C150005B95C /* TestCommonClass.m in Sources */,
			);
			runOnlyForDeploymentPostprocessing = 0;
		};
		9C71BEEC1CF749E100720203 /* Sources */ = {
			isa = PBXSourcesBuildPhase;
			buildActionMask = 2147483647;
			files = (
				9C0832701CF74C150005B95C /* TestCommonClass.m in Sources */,
			);
			runOnlyForDeploymentPostprocessing = 0;
		};
/* End PBXSourcesBuildPhase section */

/* Begin XCBuildConfiguration section */
		9C71BEE71CF749CF00720203 /* Debug */ = {
			isa = XCBuildConfiguration;
			buildSettings = {
				ALWAYS_SEARCH_USER_PATHS = NO;
				CLANG_ANALYZER_NONNULL = YES;
				CLANG_CXX_LANGUAGE_STANDARD = "gnu++0x";
				CLANG_CXX_LIBRARY = "libc++";
				CLANG_ENABLE_MODULES = YES;
				CLANG_ENABLE_OBJC_ARC = YES;
				CLANG_WARN_BOOL_CONVERSION = YES;
				CLANG_WARN_CONSTANT_CONVERSION = YES;
				CLANG_WARN_DIRECT_OBJC_ISA_USAGE = YES_ERROR;
				CLANG_WARN_EMPTY_BODY = YES;
				CLANG_WARN_ENUM_CONVERSION = YES;
				CLANG_WARN_INT_CONVERSION = YES;
				CLANG_WARN_OBJC_ROOT_CLASS = YES_ERROR;
				CLANG_WARN_UNREACHABLE_CODE = YES;
				CLANG_WARN__DUPLICATE_METHOD_MATCH = YES;
				"CODE_SIGN_IDENTITY[sdk=iphoneos*]" = "iPhone Developer";
				COPY_PHASE_STRIP = NO;
				CURRENT_PROJECT_VERSION = 1;
				DEBUG_INFORMATION_FORMAT = dwarf;
				ENABLE_STRICT_OBJC_MSGSEND = YES;
				ENABLE_TESTABILITY = YES;
				GCC_C_LANGUAGE_STANDARD = gnu99;
				GCC_DYNAMIC_NO_PIC = NO;
				GCC_NO_COMMON_BLOCKS = YES;
				GCC_OPTIMIZATION_LEVEL = 0;
				GCC_PREPROCESSOR_DEFINITIONS = (
					"DEBUG=1",
					"$(inherited)",
				);
				GCC_WARN_64_TO_32_BIT_CONVERSION = YES;
				GCC_WARN_ABOUT_RETURN_TYPE = YES_ERROR;
				GCC_WARN_UNDECLARED_SELECTOR = YES;
				GCC_WARN_UNINITIALIZED_AUTOS = YES_AGGRESSIVE;
				GCC_WARN_UNUSED_FUNCTION = YES;
				GCC_WARN_UNUSED_VARIABLE = YES;
				IPHONEOS_DEPLOYMENT_TARGET = 9.3;
				MTL_ENABLE_DEBUG_INFO = YES;
				ONLY_ACTIVE_ARCH = YES;
				SDKROOT = iphoneos;
				TARGETED_DEVICE_FAMILY = "1,2";
				VERSIONING_SYSTEM = "apple-generic";
				VERSION_INFO_PREFIX = "";
			};
			name = Debug;
		};
		9C71BEE81CF749CF00720203 /* Release */ = {
			isa = XCBuildConfiguration;
			buildSettings = {
				ALWAYS_SEARCH_USER_PATHS = NO;
				CLANG_ANALYZER_NONNULL = YES;
				CLANG_CXX_LANGUAGE_STANDARD = "gnu++0x";
				CLANG_CXX_LIBRARY = "libc++";
				CLANG_ENABLE_MODULES = YES;
				CLANG_ENABLE_OBJC_ARC = YES;
				CLANG_WARN_BOOL_CONVERSION = YES;
				CLANG_WARN_CONSTANT_CONVERSION = YES;
				CLANG_WARN_DIRECT_OBJC_ISA_USAGE = YES_ERROR;
				CLANG_WARN_EMPTY_BODY = YES;
				CLANG_WARN_ENUM_CONVERSION = YES;
				CLANG_WARN_INT_CONVERSION = YES;
				CLANG_WARN_OBJC_ROOT_CLASS = YES_ERROR;
				CLANG_WARN_UNREACHABLE_CODE = YES;
				CLANG_WARN__DUPLICATE_METHOD_MATCH = YES;
				"CODE_SIGN_IDENTITY[sdk=iphoneos*]" = "iPhone Developer";
				COPY_PHASE_STRIP = NO;
				CURRENT_PROJECT_VERSION = 1;
				DEBUG_INFORMATION_FORMAT = "dwarf-with-dsym";
				ENABLE_NS_ASSERTIONS = NO;
				ENABLE_STRICT_OBJC_MSGSEND = YES;
				GCC_C_LANGUAGE_STANDARD = gnu99;
				GCC_NO_COMMON_BLOCKS = YES;
				GCC_WARN_64_TO_32_BIT_CONVERSION = YES;
				GCC_WARN_ABOUT_RETURN_TYPE = YES_ERROR;
				GCC_WARN_UNDECLARED_SELECTOR = YES;
				GCC_WARN_UNINITIALIZED_AUTOS = YES_AGGRESSIVE;
				GCC_WARN_UNUSED_FUNCTION = YES;
				GCC_WARN_UNUSED_VARIABLE = YES;
				IPHONEOS_DEPLOYMENT_TARGET = 9.3;
				MTL_ENABLE_DEBUG_INFO = NO;
				SDKROOT = iphoneos;
				TARGETED_DEVICE_FAMILY = "1,2";
				VALIDATE_PRODUCT = YES;
				VERSIONING_SYSTEM = "apple-generic";
				VERSION_INFO_PREFIX = "";
			};
			name = Release;
		};
		9C71BEEA1CF749CF00720203 /* Debug */ = {
			isa = XCBuildConfiguration;
			baseConfigurationReference = 4D5357589A906524410D30C9 /* Pods-RingSharedFramework.debug.xcconfig */;
			buildSettings = {
				DEFINES_MODULE = YES;
				DYLIB_COMPATIBILITY_VERSION = 1;
				DYLIB_CURRENT_VERSION = 1;
				DYLIB_INSTALL_NAME_BASE = "@rpath";
				INFOPLIST_FILE = RingSharedFramework/Info.plist;
				INSTALL_PATH = "$(LOCAL_LIBRARY_DIR)/Frameworks";
				LD_RUNPATH_SEARCH_PATHS = "$(inherited) @executable_path/Frameworks @loader_path/Frameworks";
				PRODUCT_BUNDLE_IDENTIFIER = com.ring.RingSharedFramework;
				PRODUCT_NAME = "$(TARGET_NAME)";
				SKIP_INSTALL = YES;
			};
			name = Debug;
		};
		9C71BEEB1CF749CF00720203 /* Release */ = {
			isa = XCBuildConfiguration;
			baseConfigurationReference = C49B4C83768C20A720474C71 /* Pods-RingSharedFramework.release.xcconfig */;
			buildSettings = {
				DEFINES_MODULE = YES;
				DYLIB_COMPATIBILITY_VERSION = 1;
				DYLIB_CURRENT_VERSION = 1;
				DYLIB_INSTALL_NAME_BASE = "@rpath";
				INFOPLIST_FILE = RingSharedFramework/Info.plist;
				INSTALL_PATH = "$(LOCAL_LIBRARY_DIR)/Frameworks";
				LD_RUNPATH_SEARCH_PATHS = "$(inherited) @executable_path/Frameworks @loader_path/Frameworks";
				PRODUCT_BUNDLE_IDENTIFIER = com.ring.RingSharedFramework;
				PRODUCT_NAME = "$(TARGET_NAME)";
				SKIP_INSTALL = YES;
			};
			name = Release;
		};
		9C71BEF71CF749E100720203 /* Debug */ = {
			isa = XCBuildConfiguration;
			baseConfigurationReference = 5A665B43F264DB4902F4B8CE /* Pods-RingSharedFrameworkMAC.debug.xcconfig */;
			buildSettings = {
				CODE_SIGN_IDENTITY = "-";
				COMBINE_HIDPI_IMAGES = YES;
				DEFINES_MODULE = YES;
				DYLIB_COMPATIBILITY_VERSION = 1;
				DYLIB_CURRENT_VERSION = 1;
				DYLIB_INSTALL_NAME_BASE = "@rpath";
				FRAMEWORK_VERSION = A;
				INFOPLIST_FILE = RingSharedFrameworkMAC/Info.plist;
				INSTALL_PATH = "$(LOCAL_LIBRARY_DIR)/Frameworks";
				LD_RUNPATH_SEARCH_PATHS = "$(inherited) @executable_path/../Frameworks @loader_path/Frameworks";
				MACOSX_DEPLOYMENT_TARGET = 10.11;
				PRODUCT_BUNDLE_IDENTIFIER = com.ring.RingSharedFrameworkMAC;
				PRODUCT_NAME = "$(TARGET_NAME)";
				SDKROOT = macosx;
				SKIP_INSTALL = YES;
			};
			name = Debug;
		};
		9C71BEF81CF749E100720203 /* Release */ = {
			isa = XCBuildConfiguration;
			baseConfigurationReference = 23496403EB6B8527A5B6D4FD /* Pods-RingSharedFrameworkMAC.release.xcconfig */;
			buildSettings = {
				CODE_SIGN_IDENTITY = "-";
				COMBINE_HIDPI_IMAGES = YES;
				DEFINES_MODULE = YES;
				DYLIB_COMPATIBILITY_VERSION = 1;
				DYLIB_CURRENT_VERSION = 1;
				DYLIB_INSTALL_NAME_BASE = "@rpath";
				FRAMEWORK_VERSION = A;
				INFOPLIST_FILE = RingSharedFrameworkMAC/Info.plist;
				INSTALL_PATH = "$(LOCAL_LIBRARY_DIR)/Frameworks";
				LD_RUNPATH_SEARCH_PATHS = "$(inherited) @executable_path/../Frameworks @loader_path/Frameworks";
				MACOSX_DEPLOYMENT_TARGET = 10.11;
				PRODUCT_BUNDLE_IDENTIFIER = com.ring.RingSharedFrameworkMAC;
				PRODUCT_NAME = "$(TARGET_NAME)";
				SDKROOT = macosx;
				SKIP_INSTALL = YES;
			};
			name = Release;
		};
/* End XCBuildConfiguration section */

/* Begin XCConfigurationList section */
		9C71BEDB1CF749CF00720203 /* Build configuration list for PBXProject "RingSharedFramework" */ = {
			isa = XCConfigurationList;
			buildConfigurations = (
				9C71BEE71CF749CF00720203 /* Debug */,
				9C71BEE81CF749CF00720203 /* Release */,
			);
			defaultConfigurationIsVisible = 0;
			defaultConfigurationName = Release;
		};
		9C71BEE91CF749CF00720203 /* Build configuration list for PBXNativeTarget "RingSharedFramework" */ = {
			isa = XCConfigurationList;
			buildConfigurations = (
				9C71BEEA1CF749CF00720203 /* Debug */,
				9C71BEEB1CF749CF00720203 /* Release */,
			);
			defaultConfigurationIsVisible = 0;
			defaultConfigurationName = Release;
		};
		9C71BEF61CF749E100720203 /* Build configuration list for PBXNativeTarget "RingSharedFrameworkMAC" */ = {
			isa = XCConfigurationList;
			buildConfigurations = (
				9C71BEF71CF749E100720203 /* Debug */,
				9C71BEF81CF749E100720203 /* Release */,
			);
			defaultConfigurationIsVisible = 0;
			defaultConfigurationName = Release;
		};
/* End XCConfigurationList section */
	};
	rootObject = 9C71BED81CF749CF00720203 /* Project object */;
}
